
Microsoft Visual Studio Solution File, Format Version 12.00
# Visual Studio 15
VisualStudioVersion = 15.0.27130.2024
MinimumVisualStudioVersion = 10.0.40219.1
Project("{FAE04EC0-301F-11D3-BF4B-00C04F79EFBC}") = "WebApiWithAsp.netCore", "WebApiWithAsp.netCore\WebApiWithAsp.netCore.csproj", "{0BB15CAE-8961-4ED9-9659-DC19D3221F80}"
EndProject
Global
	GlobalSection(SolutionConfigurationPlatforms) = preSolution
		Debug|Any CPU = Debug|Any CPU
		Release|Any CPU = Release|Any CPU
	EndGlobalSection
	GlobalSection(ProjectConfigurationPlatforms) = postSolution
		{0BB15CAE-8961-4ED9-9659-DC19D3221F80}.Debug|Any CPU.ActiveCfg = Debug|Any CPU
		{0BB15CAE-8961-4ED9-9659-DC19D3221F80}.Debug|Any CPU.Build.0 = Debug|Any CPU
		{0BB15CAE-8961-4ED9-9659-DC19D3221F80}.Release|Any CPU.ActiveCfg = Release|Any CPU
		{0BB15CAE-8961-4ED9-9659-DC19D3221F80}.Release|Any CPU.Build.0 = Release|Any CPU
	EndGlobalSection
	GlobalSection(SolutionProperties) = preSolution
		HideSolutionNode = FALSE
	EndGlobalSection
	GlobalSection(ExtensibilityGlobals) = postSolution
		SolutionGuid = {79D757AD-62DE-4E38-992D-6F80ABFE1AA6}
	EndGlobalSection
EndGlobal
